
Microsoft Visual Studio Solution File, Format Version 12.00
# Visual Studio Version 17
VisualStudioVersion = 17.3.32819.101
MinimumVisualStudioVersion = 10.0.40219.1
Project("{FAE04EC0-301F-11D3-BF4B-00C04F79EFBC}") = "Fitness.BL", "Fitness.BL\Fitness.BL.csproj", "{2E92F9C0-EE51-4AB5-8156-28CAB4607E77}"
EndProject
Project("{FAE04EC0-301F-11D3-BF4B-00C04F79EFBC}") = "Fitness.CMD", "Fitness.CMD\Fitness.CMD.csproj", "{5A1EC1E9-09F7-48B7-B83B-E83E744CAD0E}"
EndProject
Global
	GlobalSection(SolutionConfigurationPlatforms) = preSolution
		Debug|Any CPU = Debug|Any CPU
		Release|Any CPU = Release|Any CPU
	EndGlobalSection
	GlobalSection(ProjectConfigurationPlatforms) = postSolution
		{2E92F9C0-EE51-4AB5-8156-28CAB4607E77}.Debug|Any CPU.ActiveCfg = Debug|Any CPU
		{2E92F9C0-EE51-4AB5-8156-28CAB4607E77}.Debug|Any CPU.Build.0 = Debug|Any CPU
		{2E92F9C0-EE51-4AB5-8156-28CAB4607E77}.Release|Any CPU.ActiveCfg = Release|Any CPU
		{2E92F9C0-EE51-4AB5-8156-28CAB4607E77}.Release|Any CPU.Build.0 = Release|Any CPU
		{5A1EC1E9-09F7-48B7-B83B-E83E744CAD0E}.Debug|Any CPU.ActiveCfg = Debug|Any CPU
		{5A1EC1E9-09F7-48B7-B83B-E83E744CAD0E}.Debug|Any CPU.Build.0 = Debug|Any CPU
		{5A1EC1E9-09F7-48B7-B83B-E83E744CAD0E}.Release|Any CPU.ActiveCfg = Release|Any CPU
		{5A1EC1E9-09F7-48B7-B83B-E83E744CAD0E}.Release|Any CPU.Build.0 = Release|Any CPU
	EndGlobalSection
	GlobalSection(SolutionProperties) = preSolution
		HideSolutionNode = FALSE
	EndGlobalSection
	GlobalSection(ExtensibilityGlobals) = postSolution
		SolutionGuid = {30D1F89D-1544-406B-B954-14C463569C2F}
	EndGlobalSection
EndGlobal
